{
  "name": "super-brand",
  "version": "1.0.0",
  "lockfileVersion": 2,
  "requires": true,
  "packages": {
    "": {
      "name": "super-brand",
      "version": "1.0.0",
      "license": "ISC",
      "dependencies": {
        "jwt-decode": "^3.1.2"
      },
      "devDependencies": {
        "@types/selenium-webdriver": "^4.1.13"
      }
    },
    "node_modules/@types/node": {
      "version": "18.15.11",
      "resolved": "https://registry.npmjs.org/@types/node/-/node-18.15.11.tgz",
      "integrity": "sha512-E5Kwq2n4SbMzQOn6wnmBjuK9ouqlURrcZDVfbo9ftDDTFt3nk7ZKK4GMOzoYgnpQJKcxwQw+lGaBvvlMo0qN/Q==",
      "dev": true
    },
    "node_modules/@types/selenium-webdriver": {
      "version": "4.1.13",
      "resolved": "https://registry.npmjs.org/@types/selenium-webdriver/-/selenium-webdriver-4.1.13.tgz",
      "integrity": "sha512-kGpIh7bvu4HGCJXl4PEJ53kzpG4iXlRDd66SNNCfJ58QhFuk9skOm57lVffZap5ChEOJwbge/LJ9IVGVC8EEOg==",
      "dev": true,
      "dependencies": {
        "@types/ws": "*"
      }
    },
    "node_modules/@types/ws": {
      "version": "8.5.4",
      "resolved": "https://registry.npmjs.org/@types/ws/-/ws-8.5.4.tgz",
      "integrity": "sha512-zdQDHKUgcX/zBc4GrwsE/7dVdAD8JR4EuiAXiiUhhfyIJXXb2+PrGshFyeXWQPMmmZ2XxgaqclgpIC7eTXc1mg==",
      "dev": true,
      "dependencies": {
        "@types/node": "*"
      }
    },
    "node_modules/jwt-decode": {
      "version": "3.1.2",
      "resolved": "https://registry.npmjs.org/jwt-decode/-/jwt-decode-3.1.2.tgz",
      "integrity": "sha512-UfpWE/VZn0iP50d8cz9NrZLM9lSWhcJ+0Gt/nm4by88UL+J1SiKN8/5dkjMmbEzwL2CAe+67GsegCbIKtbp75A=="
    }
  },
  "dependencies": {
    "@types/node": {
      "version": "18.15.11",
      "resolved": "https://registry.npmjs.org/@types/node/-/node-18.15.11.tgz",
      "integrity": "sha512-E5Kwq2n4SbMzQOn6wnmBjuK9ouqlURrcZDVfbo9ftDDTFt3nk7ZKK4GMOzoYgnpQJKcxwQw+lGaBvvlMo0qN/Q==",
      "dev": true
    },
    "@types/selenium-webdriver": {
      "version": "4.1.13",
      "resolved": "https://registry.npmjs.org/@types/selenium-webdriver/-/selenium-webdriver-4.1.13.tgz",
      "integrity": "sha512-kGpIh7bvu4HGCJXl4PEJ53kzpG4iXlRDd66SNNCfJ58QhFuk9skOm57lVffZap5ChEOJwbge/LJ9IVGVC8EEOg==",
      "dev": true,
      "requires": {
        "@types/ws": "*"
      }
    },
    "@types/ws": {
      "version": "8.5.4",
      "resolved": "https://registry.npmjs.org/@types/ws/-/ws-8.5.4.tgz",
      "integrity": "sha512-zdQDHKUgcX/zBc4GrwsE/7dVdAD8JR4EuiAXiiUhhfyIJXXb2+PrGshFyeXWQPMmmZ2XxgaqclgpIC7eTXc1mg==",
      "dev": true,
      "requires": {
        "@types/node": "*"
      }
    },
    "jwt-decode": {
      "version": "3.1.2",
      "resolved": "https://registry.npmjs.org/jwt-decode/-/jwt-decode-3.1.2.tgz",
      "integrity": "sha512-UfpWE/VZn0iP50d8cz9NrZLM9lSWhcJ+0Gt/nm4by88UL+J1SiKN8/5dkjMmbEzwL2CAe+67GsegCbIKtbp75A=="
    }
  }
}
